PODS:
  - AcknowList (1.6.1)
  - Alamofire (4.7.2)
  - InterfaceBacked (2.0.1)
  - Sonar (0.0.1):
    - Alamofire (~> 4.7.2)
  - SVProgressHUD (2.2.5)
  - SwiftLint (0.25.1)

DEPENDENCIES:
  - AcknowList
  - InterfaceBacked
  - Sonar (from `https://github.com/br1sk/Sonar`)
  - SVProgressHUD
  - SwiftLint (~> 0.25.1)

SPEC REPOS:
  https://github.com/cocoapods/specs.git:
    - AcknowList
    - Alamofire
    - InterfaceBacked
    - SVProgressHUD
    - SwiftLint

EXTERNAL SOURCES:
  Sonar:
    :git: https://github.com/br1sk/Sonar

CHECKOUT OPTIONS:
  Sonar:
    :commit: d2e88a07a96b864ada65520381e2aa58d529f84e
    :git: https://github.com/br1sk/Sonar

SPEC CHECKSUMS:
  AcknowList: c9091be8dd75c95662b56f75e382487a0cbb9a27
  Alamofire: e4fa87002c137ba2d8d634d2c51fabcda0d5c223
  InterfaceBacked: 3db1dfb52c702bf640656a22c56df5a36ea542b4
  Sonar: 96b87f9048b557dfbcd331c5d3598b8f92724d0d
  SVProgressHUD: 1428aafac632c1f86f62aa4243ec12008d7a51d6
  SwiftLint: ce933681be10c3266e82576dad676fa815a602e9

PODFILE CHECKSUM: c386a44e7d1e39e253a2c3ce2f97999f149909a8

COCOAPODS: 1.5.3
