PODS:
  - Alamofire (4.4.0)
  - InterfaceBacked (1.1.0)
  - Sonar (3.0.1):
    - Alamofire (~> 4.4.0)
  - SVProgressHUD (2.1.2)

DEPENDENCIES:
  - InterfaceBacked
  - Sonar (from `/Users/florian/Code/Personal/Sonar`)
  - SVProgressHUD

EXTERNAL SOURCES:
  Sonar:
    :path: "/Users/florian/Code/Personal/Sonar"

SPEC CHECKSUMS:
  Alamofire: dc44b1600b800eb63da6a19039a0083d62a6a62d
  InterfaceBacked: 789b5080793497f97bad8d0cd5b385bbcc8c4528
  Sonar: f17224245a61acc213b60b3008dcf21e26f555fe
  SVProgressHUD: c404a55d78acbeb7ebb78b76d3faf986475a6994

PODFILE CHECKSUM: 334af13d9b72c881b8ed9cf664f68989ffc08213

COCOAPODS: 1.2.1
