// !$*UTF8*$!
{
	archiveVersion = 1;
	classes = {
	};
	objectVersion = 48;
	objects = {

/* Begin PBXBuildFile section */
		1729939C1F06C2160015E94D /* LoginViewController.storyboard in Resources */ = {isa = PBXBuildFile; fileRef = 1729939B1F06C2160015E94D /* LoginViewController.storyboard */; };
		1729939E1F06C4BB0015E94D /* MenuViewController.storyboard in Resources */ = {isa = PBXBuildFile; fileRef = 1729939D1F06C4BB0015E94D /* MenuViewController.storyboard */; };
		172993A21F06CD450015E94D /* DupeViewController.storyboard in Resources */ = {isa = PBXBuildFile; fileRef = 172993A11F06CD450015E94D /* DupeViewController.storyboard */; };
		172993A41F06CD510015E94D /* DupeViewController.swift in Sources */ = {isa = PBXBuildFile; fileRef = 172993A31F06CD510015E94D /* DupeViewController.swift */; };
		177A32E01F05C6CE0044D836 /* AppDelegate.swift in Sources */ = {isa = PBXBuildFile; fileRef = 177A32DF1F05C6CE0044D836 /* AppDelegate.swift */; };
		177A32E71F05C6CE0044D836 /* Assets.xcassets in Resources */ = {isa = PBXBuildFile; fileRef = 177A32E61F05C6CE0044D836 /* Assets.xcassets */; };
		177A32EA1F05C6CE0044D836 /* LaunchScreen.storyboard in Resources */ = {isa = PBXBuildFile; fileRef = 177A32E81F05C6CE0044D836 /* LaunchScreen.storyboard */; };
		177A32F51F05C6CE0044D836 /* Brisk_iOSTests.swift in Sources */ = {isa = PBXBuildFile; fileRef = 177A32F41F05C6CE0044D836 /* Brisk_iOSTests.swift */; };
		177A33001F05C6FA0044D836 /* AppCoordinator.swift in Sources */ = {isa = PBXBuildFile; fileRef = 177A32FF1F05C6FA0044D836 /* AppCoordinator.swift */; };
		177A33021F05C7080044D836 /* LoginCoordinator.swift in Sources */ = {isa = PBXBuildFile; fileRef = 177A33011F05C7080044D836 /* LoginCoordinator.swift */; };
		177A33041F05C76D0044D836 /* MenuViewController.swift in Sources */ = {isa = PBXBuildFile; fileRef = 177A33031F05C76D0044D836 /* MenuViewController.swift */; };
		177A330C1F05CCCF0044D836 /* LoginViewController.swift in Sources */ = {isa = PBXBuildFile; fileRef = 177A330B1F05CCCF0044D836 /* LoginViewController.swift */; };
		177A33101F05CDE40044D836 /* Email.swift in Sources */ = {isa = PBXBuildFile; fileRef = 177A330F1F05CDE40044D836 /* Email.swift */; };
		17C1A7981F08323F004FD1EC /* StatusViewController.storyboard in Resources */ = {isa = PBXBuildFile; fileRef = 17C1A7971F08323F004FD1EC /* StatusViewController.storyboard */; };
		17C1A79A1F083248004FD1EC /* StatusViewController.swift in Sources */ = {isa = PBXBuildFile; fileRef = 17C1A7991F083248004FD1EC /* StatusViewController.swift */; };
		17C1A79C1F084A12004FD1EC /* SingleChoiceTableViewController.swift in Sources */ = {isa = PBXBuildFile; fileRef = 17C1A79B1F084A12004FD1EC /* SingleChoiceTableViewController.swift */; };
		17C1A7A01F084DEC004FD1EC /* RadarCoordinator.swift in Sources */ = {isa = PBXBuildFile; fileRef = 17C1A79F1F084DEC004FD1EC /* RadarCoordinator.swift */; };
		17C1A7A21F085159004FD1EC /* Choice.swift in Sources */ = {isa = PBXBuildFile; fileRef = 17C1A7A11F085159004FD1EC /* Choice.swift */; };
		17D763291F082C5D00528D8F /* EnterDetailsViewController.storyboard in Resources */ = {isa = PBXBuildFile; fileRef = 17D763281F082C5D00528D8F /* EnterDetailsViewController.storyboard */; };
		17D7632B1F082C6700528D8F /* EnterDetailsViewController.swift in Sources */ = {isa = PBXBuildFile; fileRef = 17D7632A1F082C6700528D8F /* EnterDetailsViewController.swift */; };
		17FE32281F081CD100410D7A /* Emptiness.swift in Sources */ = {isa = PBXBuildFile; fileRef = 17FE32271F081CD100410D7A /* Emptiness.swift */; };
		17FE322A1F081E4F00410D7A /* LoginError.swift in Sources */ = {isa = PBXBuildFile; fileRef = 17FE32291F081E4F00410D7A /* LoginError.swift */; };
		17FE322C1F081E6700410D7A /* User.swift in Sources */ = {isa = PBXBuildFile; fileRef = 17FE322B1F081E6700410D7A /* User.swift */; };
		17FE322F1F081EC000410D7A /* Localizable.strings in Resources */ = {isa = PBXBuildFile; fileRef = 17FE32311F081EC000410D7A /* Localizable.strings */; };
		17FE32341F081F8400410D7A /* APIController.swift in Sources */ = {isa = PBXBuildFile; fileRef = 17FE32331F081F8400410D7A /* APIController.swift */; };
		17FE32361F08221200410D7A /* Radar+OpenRadar.swift in Sources */ = {isa = PBXBuildFile; fileRef = 17FE32351F08221200410D7A /* Radar+OpenRadar.swift */; };
		17FE32391F08223B00410D7A /* Dictionary+Validation.swift in Sources */ = {isa = PBXBuildFile; fileRef = 17FE32381F08223B00410D7A /* Dictionary+Validation.swift */; };
		17FE323B1F08228800410D7A /* OpenRadar.swift in Sources */ = {isa = PBXBuildFile; fileRef = 17FE323A1F08228800410D7A /* OpenRadar.swift */; };
		17FE323D1F0822AE00410D7A /* String+Extension.swift in Sources */ = {isa = PBXBuildFile; fileRef = 17FE323C1F0822AE00410D7A /* String+Extension.swift */; };
		17FE32401F0823E700410D7A /* RadarViewController.swift in Sources */ = {isa = PBXBuildFile; fileRef = 17FE323F1F0823E700410D7A /* RadarViewController.swift */; };
		17FE32421F08242200410D7A /* RadarViewController.storyboard in Resources */ = {isa = PBXBuildFile; fileRef = 17FE32411F08242200410D7A /* RadarViewController.storyboard */; };
		4F99F8269819ADC732093605 /* Pods_Brisk_iOSTests.framework in Frameworks */ = {isa = PBXBuildFile; fileRef = A915B61BA11353854A4BE2B5 /* Pods_Brisk_iOSTests.framework */; };
		EF10474BFAB5B59C56ACD32C /* Pods_Brisk_iOS.framework in Frameworks */ = {isa = PBXBuildFile; fileRef = 0C52D9F97E0E2AAFF61975C9 /* Pods_Brisk_iOS.framework */; };
/* End PBXBuildFile section */

/* Begin PBXContainerItemProxy section */
		177A32F11F05C6CE0044D836 /* PBXContainerItemProxy */ = {
			isa = PBXContainerItemProxy;
			containerPortal = 177A32D41F05C6CD0044D836 /* Project object */;
			proxyType = 1;
			remoteGlobalIDString = 177A32DB1F05C6CD0044D836;
			remoteInfo = "Brisk iOS";
		};
/* End PBXContainerItemProxy section */

/* Begin PBXFileReference section */
		0C52D9F97E0E2AAFF61975C9 /* Pods_Brisk_iOS.framework */ = {isa = PBXFileReference; explicitFileType = wrapper.framework; includeInIndex = 0; path = Pods_Brisk_iOS.framework; sourceTree = BUILT_PRODUCTS_DIR; };
		1729939B1F06C2160015E94D /* LoginViewController.storyboard */ = {isa = PBXFileReference; lastKnownFileType = file.storyboard; path = LoginViewController.storyboard; sourceTree = "<group>"; };
		1729939D1F06C4BB0015E94D /* MenuViewController.storyboard */ = {isa = PBXFileReference; lastKnownFileType = file.storyboard; path = MenuViewController.storyboard; sourceTree = "<group>"; };
		172993A11F06CD450015E94D /* DupeViewController.storyboard */ = {isa = PBXFileReference; lastKnownFileType = file.storyboard; path = DupeViewController.storyboard; sourceTree = "<group>"; };
		172993A31F06CD510015E94D /* DupeViewController.swift */ = {isa = PBXFileReference; lastKnownFileType = sourcecode.swift; path = DupeViewController.swift; sourceTree = "<group>"; };
		177A32DC1F05C6CD0044D836 /* Brisk iOS.app */ = {isa = PBXFileReference; explicitFileType = wrapper.application; includeInIndex = 0; path = "Brisk iOS.app"; sourceTree = BUILT_PRODUCTS_DIR; };
		177A32DF1F05C6CE0044D836 /* AppDelegate.swift */ = {isa = PBXFileReference; lastKnownFileType = sourcecode.swift; path = AppDelegate.swift; sourceTree = "<group>"; };
		177A32E61F05C6CE0044D836 /* Assets.xcassets */ = {isa = PBXFileReference; lastKnownFileType = folder.assetcatalog; path = Assets.xcassets; sourceTree = "<group>"; };
		177A32E91F05C6CE0044D836 /* Base */ = {isa = PBXFileReference; lastKnownFileType = file.storyboard; name = Base; path = Base.lproj/LaunchScreen.storyboard; sourceTree = "<group>"; };
		177A32EB1F05C6CE0044D836 /* Info.plist */ = {isa = PBXFileReference; lastKnownFileType = text.plist.xml; path = Info.plist; sourceTree = "<group>"; };
		177A32F01F05C6CE0044D836 /* Brisk iOSTests.xctest */ = {isa = PBXFileReference; explicitFileType = wrapper.cfbundle; includeInIndex = 0; path = "Brisk iOSTests.xctest"; sourceTree = BUILT_PRODUCTS_DIR; };
		177A32F41F05C6CE0044D836 /* Brisk_iOSTests.swift */ = {isa = PBXFileReference; lastKnownFileType = sourcecode.swift; path = Brisk_iOSTests.swift; sourceTree = "<group>"; };
		177A32F61F05C6CE0044D836 /* Info.plist */ = {isa = PBXFileReference; lastKnownFileType = text.plist.xml; path = Info.plist; sourceTree = "<group>"; };
		177A32FF1F05C6FA0044D836 /* AppCoordinator.swift */ = {isa = PBXFileReference; lastKnownFileType = sourcecode.swift; path = AppCoordinator.swift; sourceTree = "<group>"; };
		177A33011F05C7080044D836 /* LoginCoordinator.swift */ = {isa = PBXFileReference; lastKnownFileType = sourcecode.swift; path = LoginCoordinator.swift; sourceTree = "<group>"; };
		177A33031F05C76D0044D836 /* MenuViewController.swift */ = {isa = PBXFileReference; lastKnownFileType = sourcecode.swift; path = MenuViewController.swift; sourceTree = "<group>"; };
		177A330B1F05CCCF0044D836 /* LoginViewController.swift */ = {isa = PBXFileReference; lastKnownFileType = sourcecode.swift; path = LoginViewController.swift; sourceTree = "<group>"; };
		177A330F1F05CDE40044D836 /* Email.swift */ = {isa = PBXFileReference; lastKnownFileType = sourcecode.swift; path = Email.swift; sourceTree = "<group>"; };
		17C1A7971F08323F004FD1EC /* StatusViewController.storyboard */ = {isa = PBXFileReference; lastKnownFileType = file.storyboard; path = StatusViewController.storyboard; sourceTree = "<group>"; };
		17C1A7991F083248004FD1EC /* StatusViewController.swift */ = {isa = PBXFileReference; lastKnownFileType = sourcecode.swift; path = StatusViewController.swift; sourceTree = "<group>"; };
		17C1A79B1F084A12004FD1EC /* SingleChoiceTableViewController.swift */ = {isa = PBXFileReference; lastKnownFileType = sourcecode.swift; path = SingleChoiceTableViewController.swift; sourceTree = "<group>"; };
		17C1A79F1F084DEC004FD1EC /* RadarCoordinator.swift */ = {isa = PBXFileReference; lastKnownFileType = sourcecode.swift; path = RadarCoordinator.swift; sourceTree = "<group>"; };
		17C1A7A11F085159004FD1EC /* Choice.swift */ = {isa = PBXFileReference; lastKnownFileType = sourcecode.swift; path = Choice.swift; sourceTree = "<group>"; };
		17D763281F082C5D00528D8F /* EnterDetailsViewController.storyboard */ = {isa = PBXFileReference; lastKnownFileType = file.storyboard; path = EnterDetailsViewController.storyboard; sourceTree = "<group>"; };
		17D7632A1F082C6700528D8F /* EnterDetailsViewController.swift */ = {isa = PBXFileReference; lastKnownFileType = sourcecode.swift; path = EnterDetailsViewController.swift; sourceTree = "<group>"; };
		17FE32271F081CD100410D7A /* Emptiness.swift */ = {isa = PBXFileReference; lastKnownFileType = sourcecode.swift; path = Emptiness.swift; sourceTree = "<group>"; };
		17FE32291F081E4F00410D7A /* LoginError.swift */ = {isa = PBXFileReference; lastKnownFileType = sourcecode.swift; path = LoginError.swift; sourceTree = "<group>"; };
		17FE322B1F081E6700410D7A /* User.swift */ = {isa = PBXFileReference; lastKnownFileType = sourcecode.swift; path = User.swift; sourceTree = "<group>"; };
		17FE32301F081EC000410D7A /* en */ = {isa = PBXFileReference; lastKnownFileType = text.plist.strings; name = en; path = en.lproj/Localizable.strings; sourceTree = "<group>"; };
		17FE32331F081F8400410D7A /* APIController.swift */ = {isa = PBXFileReference; lastKnownFileType = sourcecode.swift; path = APIController.swift; sourceTree = "<group>"; };
		17FE32351F08221200410D7A /* Radar+OpenRadar.swift */ = {isa = PBXFileReference; lastKnownFileType = sourcecode.swift; path = "Radar+OpenRadar.swift"; sourceTree = "<group>"; };
		17FE32381F08223B00410D7A /* Dictionary+Validation.swift */ = {isa = PBXFileReference; lastKnownFileType = sourcecode.swift; path = "Dictionary+Validation.swift"; sourceTree = "<group>"; };
		17FE323A1F08228800410D7A /* OpenRadar.swift */ = {isa = PBXFileReference; lastKnownFileType = sourcecode.swift; path = OpenRadar.swift; sourceTree = "<group>"; };
		17FE323C1F0822AE00410D7A /* String+Extension.swift */ = {isa = PBXFileReference; fileEncoding = 4; lastKnownFileType = sourcecode.swift; name = "String+Extension.swift"; path = "../../../../Vendor/brisk/Brisk/Extensions/String+Extension.swift"; sourceTree = "<group>"; };
		17FE323F1F0823E700410D7A /* RadarViewController.swift */ = {isa = PBXFileReference; lastKnownFileType = sourcecode.swift; path = RadarViewController.swift; sourceTree = "<group>"; };
		17FE32411F08242200410D7A /* RadarViewController.storyboard */ = {isa = PBXFileReference; lastKnownFileType = file.storyboard; path = RadarViewController.storyboard; sourceTree = "<group>"; };
		8F534FD145EF44018C445D92 /* Pods-Brisk iOS.debug.xcconfig */ = {isa = PBXFileReference; includeInIndex = 1; lastKnownFileType = text.xcconfig; name = "Pods-Brisk iOS.debug.xcconfig"; path = "Pods/Target Support Files/Pods-Brisk iOS/Pods-Brisk iOS.debug.xcconfig"; sourceTree = "<group>"; };
		93EBA6EB32449AB7DAF50130 /* Pods-Brisk iOSTests.release.xcconfig */ = {isa = PBXFileReference; includeInIndex = 1; lastKnownFileType = text.xcconfig; name = "Pods-Brisk iOSTests.release.xcconfig"; path = "Pods/Target Support Files/Pods-Brisk iOSTests/Pods-Brisk iOSTests.release.xcconfig"; sourceTree = "<group>"; };
		A915B61BA11353854A4BE2B5 /* Pods_Brisk_iOSTests.framework */ = {isa = PBXFileReference; explicitFileType = wrapper.framework; includeInIndex = 0; path = Pods_Brisk_iOSTests.framework; sourceTree = BUILT_PRODUCTS_DIR; };
		F00EE126AD949625F9371094 /* Pods-Brisk iOSTests.debug.xcconfig */ = {isa = PBXFileReference; includeInIndex = 1; lastKnownFileType = text.xcconfig; name = "Pods-Brisk iOSTests.debug.xcconfig"; path = "Pods/Target Support Files/Pods-Brisk iOSTests/Pods-Brisk iOSTests.debug.xcconfig"; sourceTree = "<group>"; };
		F96D4C10C910CFF20F662254 /* Pods-Brisk iOS.release.xcconfig */ = {isa = PBXFileReference; includeInIndex = 1; lastKnownFileType = text.xcconfig; name = "Pods-Brisk iOS.release.xcconfig"; path = "Pods/Target Support Files/Pods-Brisk iOS/Pods-Brisk iOS.release.xcconfig"; sourceTree = "<group>"; };
/* End PBXFileReference section */

/* Begin PBXFrameworksBuildPhase section */
		177A32D91F05C6CD0044D836 /* Frameworks */ = {
			isa = PBXFrameworksBuildPhase;
			buildActionMask = 2147483647;
			files = (
				EF10474BFAB5B59C56ACD32C /* Pods_Brisk_iOS.framework in Frameworks */,
			);
			runOnlyForDeploymentPostprocessing = 0;
		};
		177A32ED1F05C6CE0044D836 /* Frameworks */ = {
			isa = PBXFrameworksBuildPhase;
			buildActionMask = 2147483647;
			files = (
				4F99F8269819ADC732093605 /* Pods_Brisk_iOSTests.framework in Frameworks */,
			);
			runOnlyForDeploymentPostprocessing = 0;
		};
/* End PBXFrameworksBuildPhase section */

/* Begin PBXGroup section */
		172993A01F06CD3C0015E94D /* Dupe */ = {
			isa = PBXGroup;
			children = (
				172993A11F06CD450015E94D /* DupeViewController.storyboard */,
				172993A31F06CD510015E94D /* DupeViewController.swift */,
			);
			path = Dupe;
			sourceTree = "<group>";
		};
		177A32D31F05C6CD0044D836 = {
			isa = PBXGroup;
			children = (
				177A32DE1F05C6CD0044D836 /* Brisk iOS */,
				177A32F31F05C6CE0044D836 /* Brisk iOSTests */,
				177A32DD1F05C6CD0044D836 /* Products */,
				9301DCAE9D1964E8C2E5DC92 /* Pods */,
				A47DEBB8F0DEE411AEA6D588 /* Frameworks */,
			);
			sourceTree = "<group>";
		};
		177A32DD1F05C6CD0044D836 /* Products */ = {
			isa = PBXGroup;
			children = (
				177A32DC1F05C6CD0044D836 /* Brisk iOS.app */,
				177A32F01F05C6CE0044D836 /* Brisk iOSTests.xctest */,
			);
			name = Products;
			sourceTree = "<group>";
		};
		177A32DE1F05C6CD0044D836 /* Brisk iOS */ = {
			isa = PBXGroup;
			children = (
				17FE323E1F0823DB00410D7A /* Radar */,
				17FE32321F081F7C00410D7A /* Model */,
				172993A01F06CD3C0015E94D /* Dupe */,
				177A330A1F05CB600044D836 /* Resources */,
				177A33091F05CB5A0044D836 /* App */,
				177A33081F05CB560044D836 /* Login */,
				177A33071F05CB4D0044D836 /* Menu */,
				17FE32271F081CD100410D7A /* Emptiness.swift */,
			);
			path = "Brisk iOS";
			sourceTree = "<group>";
		};
		177A32F31F05C6CE0044D836 /* Brisk iOSTests */ = {
			isa = PBXGroup;
			children = (
				177A32F41F05C6CE0044D836 /* Brisk_iOSTests.swift */,
				177A32F61F05C6CE0044D836 /* Info.plist */,
			);
			path = "Brisk iOSTests";
			sourceTree = "<group>";
		};
		177A33071F05CB4D0044D836 /* Menu */ = {
			isa = PBXGroup;
			children = (
				1729939D1F06C4BB0015E94D /* MenuViewController.storyboard */,
				177A33031F05C76D0044D836 /* MenuViewController.swift */,
			);
			path = Menu;
			sourceTree = "<group>";
		};
		177A33081F05CB560044D836 /* Login */ = {
			isa = PBXGroup;
			children = (
				177A33011F05C7080044D836 /* LoginCoordinator.swift */,
				177A330B1F05CCCF0044D836 /* LoginViewController.swift */,
				1729939B1F06C2160015E94D /* LoginViewController.storyboard */,
				177A330F1F05CDE40044D836 /* Email.swift */,
				17FE32291F081E4F00410D7A /* LoginError.swift */,
				17FE322B1F081E6700410D7A /* User.swift */,
			);
			path = Login;
			sourceTree = "<group>";
		};
		177A33091F05CB5A0044D836 /* App */ = {
			isa = PBXGroup;
			children = (
				177A32FF1F05C6FA0044D836 /* AppCoordinator.swift */,
				177A32DF1F05C6CE0044D836 /* AppDelegate.swift */,
			);
			path = App;
			sourceTree = "<group>";
		};
		177A330A1F05CB600044D836 /* Resources */ = {
			isa = PBXGroup;
			children = (
				177A32E81F05C6CE0044D836 /* LaunchScreen.storyboard */,
				177A32EB1F05C6CE0044D836 /* Info.plist */,
				177A32E61F05C6CE0044D836 /* Assets.xcassets */,
				17FE32311F081EC000410D7A /* Localizable.strings */,
			);
			path = Resources;
			sourceTree = "<group>";
		};
		17FE32321F081F7C00410D7A /* Model */ = {
			isa = PBXGroup;
			children = (
				17FE323C1F0822AE00410D7A /* String+Extension.swift */,
				17FE32331F081F8400410D7A /* APIController.swift */,
				17FE32351F08221200410D7A /* Radar+OpenRadar.swift */,
				17FE32381F08223B00410D7A /* Dictionary+Validation.swift */,
				17FE323A1F08228800410D7A /* OpenRadar.swift */,
				17C1A7A11F085159004FD1EC /* Choice.swift */,
			);
			path = Model;
			sourceTree = "<group>";
		};
		17FE323E1F0823DB00410D7A /* Radar */ = {
			isa = PBXGroup;
			children = (
				17D763281F082C5D00528D8F /* EnterDetailsViewController.storyboard */,
				17D7632A1F082C6700528D8F /* EnterDetailsViewController.swift */,
				17FE32411F08242200410D7A /* RadarViewController.storyboard */,
				17FE323F1F0823E700410D7A /* RadarViewController.swift */,
				17C1A79B1F084A12004FD1EC /* SingleChoiceTableViewController.swift */,
				17C1A7971F08323F004FD1EC /* StatusViewController.storyboard */,
				17C1A7991F083248004FD1EC /* StatusViewController.swift */,
				17C1A79F1F084DEC004FD1EC /* RadarCoordinator.swift */,
			);
			path = Radar;
			sourceTree = "<group>";
		};
		9301DCAE9D1964E8C2E5DC92 /* Pods */ = {
			isa = PBXGroup;
			children = (
				8F534FD145EF44018C445D92 /* Pods-Brisk iOS.debug.xcconfig */,
				F96D4C10C910CFF20F662254 /* Pods-Brisk iOS.release.xcconfig */,
				F00EE126AD949625F9371094 /* Pods-Brisk iOSTests.debug.xcconfig */,
				93EBA6EB32449AB7DAF50130 /* Pods-Brisk iOSTests.release.xcconfig */,
			);
			name = Pods;
			sourceTree = "<group>";
		};
		A47DEBB8F0DEE411AEA6D588 /* Frameworks */ = {
			isa = PBXGroup;
			children = (
				0C52D9F97E0E2AAFF61975C9 /* Pods_Brisk_iOS.framework */,
				A915B61BA11353854A4BE2B5 /* Pods_Brisk_iOSTests.framework */,
			);
			name = Frameworks;
			sourceTree = "<group>";
		};
/* End PBXGroup section */

/* Begin PBXNativeTarget section */
		177A32DB1F05C6CD0044D836 /* Brisk iOS */ = {
			isa = PBXNativeTarget;
			buildConfigurationList = 177A32F91F05C6CE0044D836 /* Build configuration list for PBXNativeTarget "Brisk iOS" */;
			buildPhases = (
				98199FAA7C4AB0D631311B1F /* [CP] Check Pods Manifest.lock */,
				177A32D81F05C6CD0044D836 /* Sources */,
				177A32D91F05C6CD0044D836 /* Frameworks */,
				177A32DA1F05C6CD0044D836 /* Resources */,
				6D39D65C6D7097C8C2F967E1 /* [CP] Embed Pods Frameworks */,
				6904FF47985C14878ED9682F /* [CP] Copy Pods Resources */,
			);
			buildRules = (
			);
			dependencies = (
			);
			name = "Brisk iOS";
			productName = "Brisk iOS";
			productReference = 177A32DC1F05C6CD0044D836 /* Brisk iOS.app */;
			productType = "com.apple.product-type.application";
		};
		177A32EF1F05C6CE0044D836 /* Brisk iOSTests */ = {
			isa = PBXNativeTarget;
			buildConfigurationList = 177A32FC1F05C6CE0044D836 /* Build configuration list for PBXNativeTarget "Brisk iOSTests" */;
			buildPhases = (
				2404C3C4A378FCD910FA3C26 /* [CP] Check Pods Manifest.lock */,
				177A32EC1F05C6CE0044D836 /* Sources */,
				177A32ED1F05C6CE0044D836 /* Frameworks */,
				177A32EE1F05C6CE0044D836 /* Resources */,
				B4AE3CBEF4DB51005AB6A2EC /* [CP] Embed Pods Frameworks */,
				FBD17EE5DFCE2A6491395184 /* [CP] Copy Pods Resources */,
			);
			buildRules = (
			);
			dependencies = (
				177A32F21F05C6CE0044D836 /* PBXTargetDependency */,
			);
			name = "Brisk iOSTests";
			productName = "Brisk iOSTests";
			productReference = 177A32F01F05C6CE0044D836 /* Brisk iOSTests.xctest */;
			productType = "com.apple.product-type.bundle.unit-test";
		};
/* End PBXNativeTarget section */

/* Begin PBXProject section */
		177A32D41F05C6CD0044D836 /* Project object */ = {
			isa = PBXProject;
			attributes = {
				LastSwiftUpdateCheck = 0900;
				LastUpgradeCheck = 0900;
				ORGANIZATIONNAME = "Florian Burger";
				TargetAttributes = {
					177A32DB1F05C6CD0044D836 = {
						CreatedOnToolsVersion = 9.0;
					};
					177A32EF1F05C6CE0044D836 = {
						CreatedOnToolsVersion = 9.0;
						TestTargetID = 177A32DB1F05C6CD0044D836;
					};
				};
			};
			buildConfigurationList = 177A32D71F05C6CD0044D836 /* Build configuration list for PBXProject "Brisk iOS" */;
			compatibilityVersion = "Xcode 8.0";
			developmentRegion = en;
			hasScannedForEncodings = 0;
			knownRegions = (
				en,
				Base,
			);
			mainGroup = 177A32D31F05C6CD0044D836;
			productRefGroup = 177A32DD1F05C6CD0044D836 /* Products */;
			projectDirPath = "";
			projectRoot = "";
			targets = (
				177A32DB1F05C6CD0044D836 /* Brisk iOS */,
				177A32EF1F05C6CE0044D836 /* Brisk iOSTests */,
			);
		};
/* End PBXProject section */

/* Begin PBXResourcesBuildPhase section */
		177A32DA1F05C6CD0044D836 /* Resources */ = {
			isa = PBXResourcesBuildPhase;
			buildActionMask = 2147483647;
			files = (
				17C1A7981F08323F004FD1EC /* StatusViewController.storyboard in Resources */,
				1729939E1F06C4BB0015E94D /* MenuViewController.storyboard in Resources */,
				17FE32421F08242200410D7A /* RadarViewController.storyboard in Resources */,
				17FE322F1F081EC000410D7A /* Localizable.strings in Resources */,
				17D763291F082C5D00528D8F /* EnterDetailsViewController.storyboard in Resources */,
				1729939C1F06C2160015E94D /* LoginViewController.storyboard in Resources */,
				177A32EA1F05C6CE0044D836 /* LaunchScreen.storyboard in Resources */,
				172993A21F06CD450015E94D /* DupeViewController.storyboard in Resources */,
				177A32E71F05C6CE0044D836 /* Assets.xcassets in Resources */,
			);
			runOnlyForDeploymentPostprocessing = 0;
		};
		177A32EE1F05C6CE0044D836 /* Resources */ = {
			isa = PBXResourcesBuildPhase;
			buildActionMask = 2147483647;
			files = (
			);
			runOnlyForDeploymentPostprocessing = 0;
		};
/* End PBXResourcesBuildPhase section */

/* Begin PBXShellScriptBuildPhase section */
		2404C3C4A378FCD910FA3C26 /* [CP] Check Pods Manifest.lock */ = {
			isa = PBXShellScriptBuildPhase;
			buildActionMask = 2147483647;
			files = (
			);
			inputPaths = (
			);
			name = "[CP] Check Pods Manifest.lock";
			outputPaths = (
			);
			runOnlyForDeploymentPostprocessing = 0;
			shellPath = /bin/sh;
			shellScript = "diff \"${PODS_PODFILE_DIR_PATH}/Podfile.lock\" \"${PODS_ROOT}/Manifest.lock\" > /dev/null\nif [ $? != 0 ] ; then\n    # print error to STDERR\n    echo \"error: The sandbox is not in sync with the Podfile.lock. Run 'pod install' or update your CocoaPods installation.\" >&2\n    exit 1\nfi\n";
			showEnvVarsInLog = 0;
		};
		6904FF47985C14878ED9682F /* [CP] Copy Pods Resources */ = {
			isa = PBXShellScriptBuildPhase;
			buildActionMask = 2147483647;
			files = (
			);
			inputPaths = (
			);
			name = "[CP] Copy Pods Resources";
			outputPaths = (
			);
			runOnlyForDeploymentPostprocessing = 0;
			shellPath = /bin/sh;
			shellScript = "\"${SRCROOT}/Pods/Target Support Files/Pods-Brisk iOS/Pods-Brisk iOS-resources.sh\"\n";
			showEnvVarsInLog = 0;
		};
		6D39D65C6D7097C8C2F967E1 /* [CP] Embed Pods Frameworks */ = {
			isa = PBXShellScriptBuildPhase;
			buildActionMask = 2147483647;
			files = (
			);
			inputPaths = (
			);
			name = "[CP] Embed Pods Frameworks";
			outputPaths = (
			);
			runOnlyForDeploymentPostprocessing = 0;
			shellPath = /bin/sh;
			shellScript = "\"${SRCROOT}/Pods/Target Support Files/Pods-Brisk iOS/Pods-Brisk iOS-frameworks.sh\"\n";
			showEnvVarsInLog = 0;
		};
		98199FAA7C4AB0D631311B1F /* [CP] Check Pods Manifest.lock */ = {
			isa = PBXShellScriptBuildPhase;
			buildActionMask = 2147483647;
			files = (
			);
			inputPaths = (
			);
			name = "[CP] Check Pods Manifest.lock";
			outputPaths = (
			);
			runOnlyForDeploymentPostprocessing = 0;
			shellPath = /bin/sh;
			shellScript = "diff \"${PODS_PODFILE_DIR_PATH}/Podfile.lock\" \"${PODS_ROOT}/Manifest.lock\" > /dev/null\nif [ $? != 0 ] ; then\n    # print error to STDERR\n    echo \"error: The sandbox is not in sync with the Podfile.lock. Run 'pod install' or update your CocoaPods installation.\" >&2\n    exit 1\nfi\n";
			showEnvVarsInLog = 0;
		};
		B4AE3CBEF4DB51005AB6A2EC /* [CP] Embed Pods Frameworks */ = {
			isa = PBXShellScriptBuildPhase;
			buildActionMask = 2147483647;
			files = (
			);
			inputPaths = (
			);
			name = "[CP] Embed Pods Frameworks";
			outputPaths = (
			);
			runOnlyForDeploymentPostprocessing = 0;
			shellPath = /bin/sh;
			shellScript = "\"${SRCROOT}/Pods/Target Support Files/Pods-Brisk iOSTests/Pods-Brisk iOSTests-frameworks.sh\"\n";
			showEnvVarsInLog = 0;
		};
		FBD17EE5DFCE2A6491395184 /* [CP] Copy Pods Resources */ = {
			isa = PBXShellScriptBuildPhase;
			buildActionMask = 2147483647;
			files = (
			);
			inputPaths = (
			);
			name = "[CP] Copy Pods Resources";
			outputPaths = (
			);
			runOnlyForDeploymentPostprocessing = 0;
			shellPath = /bin/sh;
			shellScript = "\"${SRCROOT}/Pods/Target Support Files/Pods-Brisk iOSTests/Pods-Brisk iOSTests-resources.sh\"\n";
			showEnvVarsInLog = 0;
		};
/* End PBXShellScriptBuildPhase section */

/* Begin PBXSourcesBuildPhase section */
		177A32D81F05C6CD0044D836 /* Sources */ = {
			isa = PBXSourcesBuildPhase;
			buildActionMask = 2147483647;
			files = (
				17FE32341F081F8400410D7A /* APIController.swift in Sources */,
				177A330C1F05CCCF0044D836 /* LoginViewController.swift in Sources */,
				17D7632B1F082C6700528D8F /* EnterDetailsViewController.swift in Sources */,
				17FE323B1F08228800410D7A /* OpenRadar.swift in Sources */,
				177A33021F05C7080044D836 /* LoginCoordinator.swift in Sources */,
				177A33001F05C6FA0044D836 /* AppCoordinator.swift in Sources */,
				17FE32281F081CD100410D7A /* Emptiness.swift in Sources */,
				17FE32361F08221200410D7A /* Radar+OpenRadar.swift in Sources */,
				17FE32391F08223B00410D7A /* Dictionary+Validation.swift in Sources */,
				17C1A7A21F085159004FD1EC /* Choice.swift in Sources */,
				177A32E01F05C6CE0044D836 /* AppDelegate.swift in Sources */,
				172993A41F06CD510015E94D /* DupeViewController.swift in Sources */,
				17C1A7A01F084DEC004FD1EC /* RadarCoordinator.swift in Sources */,
				177A33101F05CDE40044D836 /* Email.swift in Sources */,
				177A33041F05C76D0044D836 /* MenuViewController.swift in Sources */,
				17FE322C1F081E6700410D7A /* User.swift in Sources */,
				17FE32401F0823E700410D7A /* RadarViewController.swift in Sources */,
				17FE323D1F0822AE00410D7A /* String+Extension.swift in Sources */,
				17C1A79C1F084A12004FD1EC /* SingleChoiceTableViewController.swift in Sources */,
				17FE322A1F081E4F00410D7A /* LoginError.swift in Sources */,
				17C1A79A1F083248004FD1EC /* StatusViewController.swift in Sources */,
			);
			runOnlyForDeploymentPostprocessing = 0;
		};
		177A32EC1F05C6CE0044D836 /* Sources */ = {
			isa = PBXSourcesBuildPhase;
			buildActionMask = 2147483647;
			files = (
				177A32F51F05C6CE0044D836 /* Brisk_iOSTests.swift in Sources */,
			);
			runOnlyForDeploymentPostprocessing = 0;
		};
/* End PBXSourcesBuildPhase section */

/* Begin PBXTargetDependency section */
		177A32F21F05C6CE0044D836 /* PBXTargetDependency */ = {
			isa = PBXTargetDependency;
			target = 177A32DB1F05C6CD0044D836 /* Brisk iOS */;
			targetProxy = 177A32F11F05C6CE0044D836 /* PBXContainerItemProxy */;
		};
/* End PBXTargetDependency section */

/* Begin PBXVariantGroup section */
		177A32E81F05C6CE0044D836 /* LaunchScreen.storyboard */ = {
			isa = PBXVariantGroup;
			children = (
				177A32E91F05C6CE0044D836 /* Base */,
			);
			name = LaunchScreen.storyboard;
			sourceTree = "<group>";
		};
		17FE32311F081EC000410D7A /* Localizable.strings */ = {
			isa = PBXVariantGroup;
			children = (
				17FE32301F081EC000410D7A /* en */,
			);
			name = Localizable.strings;
			sourceTree = "<group>";
		};
/* End PBXVariantGroup section */

/* Begin XCBuildConfiguration section */
		177A32F71F05C6CE0044D836 /* Debug */ = {
			isa = XCBuildConfiguration;
			buildSettings = {
				ALWAYS_SEARCH_USER_PATHS = NO;
				CLANG_ANALYZER_NONNULL = YES;
				CLANG_ANALYZER_NUMBER_OBJECT_CONVERSION = YES_AGGRESSIVE;
				CLANG_CXX_LANGUAGE_STANDARD = "gnu++14";
				CLANG_CXX_LIBRARY = "libc++";
				CLANG_ENABLE_MODULES = YES;
				CLANG_ENABLE_OBJC_ARC = YES;
				CLANG_WARN_BLOCK_CAPTURE_AUTORELEASING = YES;
				CLANG_WARN_BOOL_CONVERSION = YES;
				CLANG_WARN_COMMA = YES;
				CLANG_WARN_CONSTANT_CONVERSION = YES;
				CLANG_WARN_DIRECT_OBJC_ISA_USAGE = YES_ERROR;
				CLANG_WARN_DOCUMENTATION_COMMENTS = YES;
				CLANG_WARN_EMPTY_BODY = YES;
				CLANG_WARN_ENUM_CONVERSION = YES;
				CLANG_WARN_INFINITE_RECURSION = YES;
				CLANG_WARN_INT_CONVERSION = YES;
				CLANG_WARN_NON_LITERAL_NULL_CONVERSION = YES;
				CLANG_WARN_OBJC_LITERAL_CONVERSION = YES;
				CLANG_WARN_OBJC_ROOT_CLASS = YES_ERROR;
				CLANG_WARN_RANGE_LOOP_ANALYSIS = YES;
				CLANG_WARN_STRICT_PROTOTYPES = YES;
				CLANG_WARN_SUSPICIOUS_MOVE = YES;
				CLANG_WARN_UNGUARDED_AVAILABILITY = YES_AGGRESSIVE;
				CLANG_WARN_UNREACHABLE_CODE = YES;
				CLANG_WARN__DUPLICATE_METHOD_MATCH = YES;
				CODE_SIGN_IDENTITY = "iPhone Developer";
				COPY_PHASE_STRIP = NO;
				DEBUG_INFORMATION_FORMAT = dwarf;
				ENABLE_STRICT_OBJC_MSGSEND = YES;
				ENABLE_TESTABILITY = YES;
				GCC_C_LANGUAGE_STANDARD = gnu11;
				GCC_DYNAMIC_NO_PIC = NO;
				GCC_NO_COMMON_BLOCKS = YES;
				GCC_OPTIMIZATION_LEVEL = 0;
				GCC_PREPROCESSOR_DEFINITIONS = (
					"DEBUG=1",
					"$(inherited)",
				);
				GCC_WARN_64_TO_32_BIT_CONVERSION = YES;
				GCC_WARN_ABOUT_RETURN_TYPE = YES_ERROR;
				GCC_WARN_UNDECLARED_SELECTOR = YES;
				GCC_WARN_UNINITIALIZED_AUTOS = YES_AGGRESSIVE;
				GCC_WARN_UNUSED_FUNCTION = YES;
				GCC_WARN_UNUSED_VARIABLE = YES;
				IPHONEOS_DEPLOYMENT_TARGET = 11.0;
				MTL_ENABLE_DEBUG_INFO = YES;
				ONLY_ACTIVE_ARCH = YES;
				SDKROOT = iphoneos;
				SWIFT_ACTIVE_COMPILATION_CONDITIONS = DEBUG;
				SWIFT_OPTIMIZATION_LEVEL = "-Onone";
			};
			name = Debug;
		};
		177A32F81F05C6CE0044D836 /* Release */ = {
			isa = XCBuildConfiguration;
			buildSettings = {
				ALWAYS_SEARCH_USER_PATHS = NO;
				CLANG_ANALYZER_NONNULL = YES;
				CLANG_ANALYZER_NUMBER_OBJECT_CONVERSION = YES_AGGRESSIVE;
				CLANG_CXX_LANGUAGE_STANDARD = "gnu++14";
				CLANG_CXX_LIBRARY = "libc++";
				CLANG_ENABLE_MODULES = YES;
				CLANG_ENABLE_OBJC_ARC = YES;
				CLANG_WARN_BLOCK_CAPTURE_AUTORELEASING = YES;
				CLANG_WARN_BOOL_CONVERSION = YES;
				CLANG_WARN_COMMA = YES;
				CLANG_WARN_CONSTANT_CONVERSION = YES;
				CLANG_WARN_DIRECT_OBJC_ISA_USAGE = YES_ERROR;
				CLANG_WARN_DOCUMENTATION_COMMENTS = YES;
				CLANG_WARN_EMPTY_BODY = YES;
				CLANG_WARN_ENUM_CONVERSION = YES;
				CLANG_WARN_INFINITE_RECURSION = YES;
				CLANG_WARN_INT_CONVERSION = YES;
				CLANG_WARN_NON_LITERAL_NULL_CONVERSION = YES;
				CLANG_WARN_OBJC_LITERAL_CONVERSION = YES;
				CLANG_WARN_OBJC_ROOT_CLASS = YES_ERROR;
				CLANG_WARN_RANGE_LOOP_ANALYSIS = YES;
				CLANG_WARN_STRICT_PROTOTYPES = YES;
				CLANG_WARN_SUSPICIOUS_MOVE = YES;
				CLANG_WARN_UNGUARDED_AVAILABILITY = YES_AGGRESSIVE;
				CLANG_WARN_UNREACHABLE_CODE = YES;
				CLANG_WARN__DUPLICATE_METHOD_MATCH = YES;
				CODE_SIGN_IDENTITY = "iPhone Developer";
				COPY_PHASE_STRIP = NO;
				DEBUG_INFORMATION_FORMAT = "dwarf-with-dsym";
				ENABLE_NS_ASSERTIONS = NO;
				ENABLE_STRICT_OBJC_MSGSEND = YES;
				GCC_C_LANGUAGE_STANDARD = gnu11;
				GCC_NO_COMMON_BLOCKS = YES;
				GCC_WARN_64_TO_32_BIT_CONVERSION = YES;
				GCC_WARN_ABOUT_RETURN_TYPE = YES_ERROR;
				GCC_WARN_UNDECLARED_SELECTOR = YES;
				GCC_WARN_UNINITIALIZED_AUTOS = YES_AGGRESSIVE;
				GCC_WARN_UNUSED_FUNCTION = YES;
				GCC_WARN_UNUSED_VARIABLE = YES;
				IPHONEOS_DEPLOYMENT_TARGET = 11.0;
				MTL_ENABLE_DEBUG_INFO = NO;
				SDKROOT = iphoneos;
				SWIFT_OPTIMIZATION_LEVEL = "-Owholemodule";
				VALIDATE_PRODUCT = YES;
			};
			name = Release;
		};
		177A32FA1F05C6CE0044D836 /* Debug */ = {
			isa = XCBuildConfiguration;
			baseConfigurationReference = 8F534FD145EF44018C445D92 /* Pods-Brisk iOS.debug.xcconfig */;
			buildSettings = {
				ASSETCATALOG_COMPILER_APPICON_NAME = AppIcon;
				DEVELOPMENT_TEAM = U3GJUEG8RJ;
				INFOPLIST_FILE = "Brisk iOS/Resources/Info.plist";
				IPHONEOS_DEPLOYMENT_TARGET = 10.0;
				LD_RUNPATH_SEARCH_PATHS = "$(inherited) @executable_path/Frameworks";
				PRODUCT_BUNDLE_IDENTIFIER = com.florianbuerger.brisk;
				PRODUCT_NAME = "$(TARGET_NAME)";
				SWIFT_VERSION = 3.0;
				TARGETED_DEVICE_FAMILY = "1,2";
			};
			name = Debug;
		};
		177A32FB1F05C6CE0044D836 /* Release */ = {
			isa = XCBuildConfiguration;
			baseConfigurationReference = F96D4C10C910CFF20F662254 /* Pods-Brisk iOS.release.xcconfig */;
			buildSettings = {
				ASSETCATALOG_COMPILER_APPICON_NAME = AppIcon;
				DEVELOPMENT_TEAM = U3GJUEG8RJ;
				INFOPLIST_FILE = "Brisk iOS/Resources/Info.plist";
				IPHONEOS_DEPLOYMENT_TARGET = 10.0;
				LD_RUNPATH_SEARCH_PATHS = "$(inherited) @executable_path/Frameworks";
				PRODUCT_BUNDLE_IDENTIFIER = com.florianbuerger.brisk;
				PRODUCT_NAME = "$(TARGET_NAME)";
				SWIFT_VERSION = 3.0;
				TARGETED_DEVICE_FAMILY = "1,2";
			};
			name = Release;
		};
		177A32FD1F05C6CE0044D836 /* Debug */ = {
			isa = XCBuildConfiguration;
			baseConfigurationReference = F00EE126AD949625F9371094 /* Pods-Brisk iOSTests.debug.xcconfig */;
			buildSettings = {
				ALWAYS_EMBED_SWIFT_STANDARD_LIBRARIES = YES;
				BUNDLE_LOADER = "$(TEST_HOST)";
				INFOPLIST_FILE = "Brisk iOSTests/Info.plist";
				LD_RUNPATH_SEARCH_PATHS = "$(inherited) @executable_path/Frameworks @loader_path/Frameworks";
				PRODUCT_BUNDLE_IDENTIFIER = "com.florianbuerger.Brisk-iOSTests";
				PRODUCT_NAME = "$(TARGET_NAME)";
				SWIFT_VERSION = 4.0;
				TARGETED_DEVICE_FAMILY = "1,2";
				TEST_HOST = "$(BUILT_PRODUCTS_DIR)/Brisk iOS.app/Brisk iOS";
			};
			name = Debug;
		};
		177A32FE1F05C6CE0044D836 /* Release */ = {
			isa = XCBuildConfiguration;
			baseConfigurationReference = 93EBA6EB32449AB7DAF50130 /* Pods-Brisk iOSTests.release.xcconfig */;
			buildSettings = {
				ALWAYS_EMBED_SWIFT_STANDARD_LIBRARIES = YES;
				BUNDLE_LOADER = "$(TEST_HOST)";
				INFOPLIST_FILE = "Brisk iOSTests/Info.plist";
				LD_RUNPATH_SEARCH_PATHS = "$(inherited) @executable_path/Frameworks @loader_path/Frameworks";
				PRODUCT_BUNDLE_IDENTIFIER = "com.florianbuerger.Brisk-iOSTests";
				PRODUCT_NAME = "$(TARGET_NAME)";
				SWIFT_VERSION = 4.0;
				TARGETED_DEVICE_FAMILY = "1,2";
				TEST_HOST = "$(BUILT_PRODUCTS_DIR)/Brisk iOS.app/Brisk iOS";
			};
			name = Release;
		};
/* End XCBuildConfiguration section */

/* Begin XCConfigurationList section */
		177A32D71F05C6CD0044D836 /* Build configuration list for PBXProject "Brisk iOS" */ = {
			isa = XCConfigurationList;
			buildConfigurations = (
				177A32F71F05C6CE0044D836 /* Debug */,
				177A32F81F05C6CE0044D836 /* Release */,
			);
			defaultConfigurationIsVisible = 0;
			defaultConfigurationName = Release;
		};
		177A32F91F05C6CE0044D836 /* Build configuration list for PBXNativeTarget "Brisk iOS" */ = {
			isa = XCConfigurationList;
			buildConfigurations = (
				177A32FA1F05C6CE0044D836 /* Debug */,
				177A32FB1F05C6CE0044D836 /* Release */,
			);
			defaultConfigurationIsVisible = 0;
			defaultConfigurationName = Release;
		};
		177A32FC1F05C6CE0044D836 /* Build configuration list for PBXNativeTarget "Brisk iOSTests" */ = {
			isa = XCConfigurationList;
			buildConfigurations = (
				177A32FD1F05C6CE0044D836 /* Debug */,
				177A32FE1F05C6CE0044D836 /* Release */,
			);
			defaultConfigurationIsVisible = 0;
			defaultConfigurationName = Release;
		};
/* End XCConfigurationList section */
	};
	rootObject = 177A32D41F05C6CD0044D836 /* Project object */;
}
